
Microsoft Visual Studio Solution File, Format Version 12.00
# Visual Studio Version 17
VisualStudioVersion = 17.7.34031.279
MinimumVisualStudioVersion = 10.0.40219.1
Project("{FAE04EC0-301F-11D3-BF4B-00C04F79EFBC}") = "ConverterApp", "ConverterApp\ConverterApp.csproj", "{32882FDC-7A74-4FCF-9EB7-AE1242F0A675}"
EndProject
Global
	GlobalSection(SolutionConfigurationPlatforms) = preSolution
		Debug|Any CPU = Debug|Any CPU
		Release|Any CPU = Release|Any CPU
	EndGlobalSection
	GlobalSection(ProjectConfigurationPlatforms) = postSolution
		{32882FDC-7A74-4FCF-9EB7-AE1242F0A675}.Debug|Any CPU.ActiveCfg = Debug|Any CPU
		{32882FDC-7A74-4FCF-9EB7-AE1242F0A675}.Debug|Any CPU.Build.0 = Debug|Any CPU
		{32882FDC-7A74-4FCF-9EB7-AE1242F0A675}.Release|Any CPU.ActiveCfg = Release|Any CPU
		{32882FDC-7A74-4FCF-9EB7-AE1242F0A675}.Release|Any CPU.Build.0 = Release|Any CPU
	EndGlobalSection
	GlobalSection(SolutionProperties) = preSolution
		HideSolutionNode = FALSE
	EndGlobalSection
	GlobalSection(ExtensibilityGlobals) = postSolution
		SolutionGuid = {A8AF9431-800E-40C9-96B1-FED2B50D42A8}
	EndGlobalSection
EndGlobal
